
Microsoft Visual Studio Solution File, Format Version 12.00
# Visual Studio 15
VisualStudioVersion = 15.0.28307.705
MinimumVisualStudioVersion = 10.0.40219.1
Project("{FAE04EC0-301F-11D3-BF4B-00C04F79EFBC}") = "SmartCrop", "SmartCrop\SmartCrop.csproj", "{D7A760BE-97A2-47EB-8EBD-958BFE8EE5C0}"
EndProject
Project("{2150E333-8FDC-42A3-9474-1A3956D46DE8}") = "Solution Items", "Solution Items", "{A91EA98C-A168-4C45-8CD0-4529E3555536}"
	ProjectSection(SolutionItems) = preProject
		README.md = README.md
	EndProjectSection
EndProject
Project("{FAE04EC0-301F-11D3-BF4B-00C04F79EFBC}") = "SmartCrop.Tests", "SmartCrop.Tests\SmartCrop.Tests.csproj", "{CBDE38BB-7D9A-43D0-8E9F-70753A187A71}"
EndProject
Global
	GlobalSection(SolutionConfigurationPlatforms) = preSolution
		Debug|Any CPU = Debug|Any CPU
		Release|Any CPU = Release|Any CPU
	EndGlobalSection
	GlobalSection(ProjectConfigurationPlatforms) = postSolution
		{D7A760BE-97A2-47EB-8EBD-958BFE8EE5C0}.Debug|Any CPU.ActiveCfg = Debug|Any CPU
		{D7A760BE-97A2-47EB-8EBD-958BFE8EE5C0}.Debug|Any CPU.Build.0 = Debug|Any CPU
		{D7A760BE-97A2-47EB-8EBD-958BFE8EE5C0}.Release|Any CPU.ActiveCfg = Release|Any CPU
		{D7A760BE-97A2-47EB-8EBD-958BFE8EE5C0}.Release|Any CPU.Build.0 = Release|Any CPU
		{CBDE38BB-7D9A-43D0-8E9F-70753A187A71}.Debug|Any CPU.ActiveCfg = Debug|Any CPU
		{CBDE38BB-7D9A-43D0-8E9F-70753A187A71}.Debug|Any CPU.Build.0 = Debug|Any CPU
		{CBDE38BB-7D9A-43D0-8E9F-70753A187A71}.Release|Any CPU.ActiveCfg = Release|Any CPU
		{CBDE38BB-7D9A-43D0-8E9F-70753A187A71}.Release|Any CPU.Build.0 = Release|Any CPU
	EndGlobalSection
	GlobalSection(SolutionProperties) = preSolution
		HideSolutionNode = FALSE
	EndGlobalSection
	GlobalSection(ExtensibilityGlobals) = postSolution
		SolutionGuid = {B5AB591C-F0CF-40E2-85BD-B7AF9366496A}
	EndGlobalSection
EndGlobal
